// !$*UTF8*$!
{
	archiveVersion = 1;
	classes = {
	};
	objectVersion = 56;
	objects = {

/* Begin PBXBuildFile section */
		D3908CA3292BB2E0000768D7 /* PersonalityTestApp.swift in Sources */ = {isa = PBXBuildFile; fileRef = D3908CA2292BB2E0000768D7 /* PersonalityTestApp.swift */; };
		D3908CA5292BB2E0000768D7 /* LaunchView.swift in Sources */ = {isa = PBXBuildFile; fileRef = D3908CA4292BB2E0000768D7 /* LaunchView.swift */; };
		D3908CA7292BB2E2000768D7 /* Assets.xcassets in Resources */ = {isa = PBXBuildFile; fileRef = D3908CA6292BB2E2000768D7 /* Assets.xcassets */; };
		D3908CAA292BB2E2000768D7 /* Preview Assets.xcassets in Resources */ = {isa = PBXBuildFile; fileRef = D3908CA9292BB2E2000768D7 /* Preview Assets.xcassets */; };
		D3908CB4292BB2E2000768D7 /* PersonalityTestTests.swift in Sources */ = {isa = PBXBuildFile; fileRef = D3908CB3292BB2E2000768D7 /* PersonalityTestTests.swift */; };
		D3908CBE292BB2E2000768D7 /* PersonalityTestUITests.swift in Sources */ = {isa = PBXBuildFile; fileRef = D3908CBD292BB2E2000768D7 /* PersonalityTestUITests.swift */; };
		D3908CC0292BB2E2000768D7 /* PersonalityTestUITestsLaunchTests.swift in Sources */ = {isa = PBXBuildFile; fileRef = D3908CBF292BB2E2000768D7 /* PersonalityTestUITestsLaunchTests.swift */; };
		D3908CD1292BB3A6000768D7 /* NewTestView.swift in Sources */ = {isa = PBXBuildFile; fileRef = D3908CD0292BB3A6000768D7 /* NewTestView.swift */; };
		D3908CD3292BB3B4000768D7 /* NewTestViewModel.swift in Sources */ = {isa = PBXBuildFile; fileRef = D3908CD2292BB3B4000768D7 /* NewTestViewModel.swift */; };
		D3908CD5292BB6DD000768D7 /* Question.swift in Sources */ = {isa = PBXBuildFile; fileRef = D3908CD4292BB6DD000768D7 /* Question.swift */; };
		D3908CD9292BB6F8000768D7 /* QuestionAnswer.swift in Sources */ = {isa = PBXBuildFile; fileRef = D3908CD8292BB6F8000768D7 /* QuestionAnswer.swift */; };
		D3908CDB292BB719000768D7 /* QuestionView.swift in Sources */ = {isa = PBXBuildFile; fileRef = D3908CDA292BB719000768D7 /* QuestionView.swift */; };
		D3908CDD292BB72F000768D7 /* LocalApiService.swift in Sources */ = {isa = PBXBuildFile; fileRef = D3908CDC292BB72F000768D7 /* LocalApiService.swift */; };
		D3908CE0292BBBC7000768D7 /* LaunchViewModel.swift in Sources */ = {isa = PBXBuildFile; fileRef = D3908CDF292BBBC7000768D7 /* LaunchViewModel.swift */; };
		D3908CE2292BBC01000768D7 /* PersonalityType.swift in Sources */ = {isa = PBXBuildFile; fileRef = D3908CE1292BBC01000768D7 /* PersonalityType.swift */; };
		D3908CE4292BBC8E000768D7 /* User.swift in Sources */ = {isa = PBXBuildFile; fileRef = D3908CE3292BBC8E000768D7 /* User.swift */; };
		D3908CE6292BBE52000768D7 /* UserContext.swift in Sources */ = {isa = PBXBuildFile; fileRef = D3908CE5292BBE52000768D7 /* UserContext.swift */; };
		D3908CEA292BC183000768D7 /* ApiService.swift in Sources */ = {isa = PBXBuildFile; fileRef = D3908CE9292BC183000768D7 /* ApiService.swift */; };
		D3908CED292BC797000768D7 /* ScoreCalculator.swift in Sources */ = {isa = PBXBuildFile; fileRef = D3908CEC292BC797000768D7 /* ScoreCalculator.swift */; };
		D3908CEF292BCDFD000768D7 /* AnswerView.swift in Sources */ = {isa = PBXBuildFile; fileRef = D3908CEE292BCDFD000768D7 /* AnswerView.swift */; };
		D3908CF2292BCE65000768D7 /* UIQuestion.swift in Sources */ = {isa = PBXBuildFile; fileRef = D3908CF1292BCE65000768D7 /* UIQuestion.swift */; };
		D3908CF4292BCE71000768D7 /* UIAnswer.swift in Sources */ = {isa = PBXBuildFile; fileRef = D3908CF3292BCE71000768D7 /* UIAnswer.swift */; };
		D3908CF6292BDDF0000768D7 /* LaunchViewModelTests.swift in Sources */ = {isa = PBXBuildFile; fileRef = D3908CF5292BDDF0000768D7 /* LaunchViewModelTests.swift */; };
		D3908CF8292BDE1C000768D7 /* NewTestViewModelTests.swift in Sources */ = {isa = PBXBuildFile; fileRef = D3908CF7292BDE1C000768D7 /* NewTestViewModelTests.swift */; };
		D3908CFA292BDE36000768D7 /* ScoreCalculatorTests.swift in Sources */ = {isa = PBXBuildFile; fileRef = D3908CF9292BDE36000768D7 /* ScoreCalculatorTests.swift */; };
		D3908CFC292BDE60000768D7 /* LocalApiServiceTests.swift in Sources */ = {isa = PBXBuildFile; fileRef = D3908CFB292BDE60000768D7 /* LocalApiServiceTests.swift */; };
		D3908CFE292CD076000768D7 /* DataSourceFactory.swift in Sources */ = {isa = PBXBuildFile; fileRef = D3908CFD292CD075000768D7 /* DataSourceFactory.swift */; };
		D3908D08292D0AB0000768D7 /* Localizable.strings in Resources */ = {isa = PBXBuildFile; fileRef = D3908D07292D0AB0000768D7 /* Localizable.strings */; };
/* End PBXBuildFile section */

/* Begin PBXContainerItemProxy section */
		D3908CB0292BB2E2000768D7 /* PBXContainerItemProxy */ = {
			isa = PBXContainerItemProxy;
			containerPortal = D3908C97292BB2E0000768D7 /* Project object */;
			proxyType = 1;
			remoteGlobalIDString = D3908C9E292BB2E0000768D7;
			remoteInfo = PersonalityTest;
		};
		D3908CBA292BB2E2000768D7 /* PBXContainerItemProxy */ = {
			isa = PBXContainerItemProxy;
			containerPortal = D3908C97292BB2E0000768D7 /* Project object */;
			proxyType = 1;
			remoteGlobalIDString = D3908C9E292BB2E0000768D7;
			remoteInfo = PersonalityTest;
		};
/* End PBXContainerItemProxy section */

/* Begin PBXFileReference section */
		D3908C9F292BB2E0000768D7 /* PersonalityTest.app */ = {isa = PBXFileReference; explicitFileType = wrapper.application; includeInIndex = 0; path = PersonalityTest.app; sourceTree = BUILT_PRODUCTS_DIR; };
		D3908CA2292BB2E0000768D7 /* PersonalityTestApp.swift */ = {isa = PBXFileReference; lastKnownFileType = sourcecode.swift; path = PersonalityTestApp.swift; sourceTree = "<group>"; };
		D3908CA4292BB2E0000768D7 /* LaunchView.swift */ = {isa = PBXFileReference; lastKnownFileType = sourcecode.swift; path = LaunchView.swift; sourceTree = "<group>"; };
		D3908CA6292BB2E2000768D7 /* Assets.xcassets */ = {isa = PBXFileReference; lastKnownFileType = folder.assetcatalog; path = Assets.xcassets; sourceTree = "<group>"; };
		D3908CA9292BB2E2000768D7 /* Preview Assets.xcassets */ = {isa = PBXFileReference; lastKnownFileType = folder.assetcatalog; path = "Preview Assets.xcassets"; sourceTree = "<group>"; };
		D3908CAF292BB2E2000768D7 /* PersonalityTestTests.xctest */ = {isa = PBXFileReference; explicitFileType = wrapper.cfbundle; includeInIndex = 0; path = PersonalityTestTests.xctest; sourceTree = BUILT_PRODUCTS_DIR; };
		D3908CB3292BB2E2000768D7 /* PersonalityTestTests.swift */ = {isa = PBXFileReference; lastKnownFileType = sourcecode.swift; path = PersonalityTestTests.swift; sourceTree = "<group>"; };
		D3908CB9292BB2E2000768D7 /* PersonalityTestUITests.xctest */ = {isa = PBXFileReference; explicitFileType = wrapper.cfbundle; includeInIndex = 0; path = PersonalityTestUITests.xctest; sourceTree = BUILT_PRODUCTS_DIR; };
		D3908CBD292BB2E2000768D7 /* PersonalityTestUITests.swift */ = {isa = PBXFileReference; lastKnownFileType = sourcecode.swift; path = PersonalityTestUITests.swift; sourceTree = "<group>"; };
		D3908CBF292BB2E2000768D7 /* PersonalityTestUITestsLaunchTests.swift */ = {isa = PBXFileReference; lastKnownFileType = sourcecode.swift; path = PersonalityTestUITestsLaunchTests.swift; sourceTree = "<group>"; };
		D3908CD0292BB3A6000768D7 /* NewTestView.swift */ = {isa = PBXFileReference; lastKnownFileType = sourcecode.swift; path = NewTestView.swift; sourceTree = "<group>"; };
		D3908CD2292BB3B4000768D7 /* NewTestViewModel.swift */ = {isa = PBXFileReference; lastKnownFileType = sourcecode.swift; path = NewTestViewModel.swift; sourceTree = "<group>"; };
		D3908CD4292BB6DD000768D7 /* Question.swift */ = {isa = PBXFileReference; lastKnownFileType = sourcecode.swift; path = Question.swift; sourceTree = "<group>"; };
		D3908CD8292BB6F8000768D7 /* QuestionAnswer.swift */ = {isa = PBXFileReference; lastKnownFileType = sourcecode.swift; path = QuestionAnswer.swift; sourceTree = "<group>"; };
		D3908CDA292BB719000768D7 /* QuestionView.swift */ = {isa = PBXFileReference; lastKnownFileType = sourcecode.swift; path = QuestionView.swift; sourceTree = "<group>"; };
		D3908CDC292BB72F000768D7 /* LocalApiService.swift */ = {isa = PBXFileReference; lastKnownFileType = sourcecode.swift; path = LocalApiService.swift; sourceTree = "<group>"; };
		D3908CDF292BBBC7000768D7 /* LaunchViewModel.swift */ = {isa = PBXFileReference; lastKnownFileType = sourcecode.swift; path = LaunchViewModel.swift; sourceTree = "<group>"; };
		D3908CE1292BBC01000768D7 /* PersonalityType.swift */ = {isa = PBXFileReference; lastKnownFileType = sourcecode.swift; path = PersonalityType.swift; sourceTree = "<group>"; };
		D3908CE3292BBC8E000768D7 /* User.swift */ = {isa = PBXFileReference; lastKnownFileType = sourcecode.swift; path = User.swift; sourceTree = "<group>"; };
		D3908CE5292BBE52000768D7 /* UserContext.swift */ = {isa = PBXFileReference; lastKnownFileType = sourcecode.swift; path = UserContext.swift; sourceTree = "<group>"; };
		D3908CE9292BC183000768D7 /* ApiService.swift */ = {isa = PBXFileReference; lastKnownFileType = sourcecode.swift; path = ApiService.swift; sourceTree = "<group>"; };
		D3908CEC292BC797000768D7 /* ScoreCalculator.swift */ = {isa = PBXFileReference; lastKnownFileType = sourcecode.swift; path = ScoreCalculator.swift; sourceTree = "<group>"; };
		D3908CEE292BCDFD000768D7 /* AnswerView.swift */ = {isa = PBXFileReference; lastKnownFileType = sourcecode.swift; path = AnswerView.swift; sourceTree = "<group>"; };
		D3908CF1292BCE65000768D7 /* UIQuestion.swift */ = {isa = PBXFileReference; lastKnownFileType = sourcecode.swift; path = UIQuestion.swift; sourceTree = "<group>"; };
		D3908CF3292BCE71000768D7 /* UIAnswer.swift */ = {isa = PBXFileReference; lastKnownFileType = sourcecode.swift; path = UIAnswer.swift; sourceTree = "<group>"; };
		D3908CF5292BDDF0000768D7 /* LaunchViewModelTests.swift */ = {isa = PBXFileReference; lastKnownFileType = sourcecode.swift; path = LaunchViewModelTests.swift; sourceTree = "<group>"; };
		D3908CF7292BDE1C000768D7 /* NewTestViewModelTests.swift */ = {isa = PBXFileReference; lastKnownFileType = sourcecode.swift; path = NewTestViewModelTests.swift; sourceTree = "<group>"; };
		D3908CF9292BDE36000768D7 /* ScoreCalculatorTests.swift */ = {isa = PBXFileReference; lastKnownFileType = sourcecode.swift; path = ScoreCalculatorTests.swift; sourceTree = "<group>"; };
		D3908CFB292BDE60000768D7 /* LocalApiServiceTests.swift */ = {isa = PBXFileReference; lastKnownFileType = sourcecode.swift; path = LocalApiServiceTests.swift; sourceTree = "<group>"; };
		D3908CFD292CD075000768D7 /* DataSourceFactory.swift */ = {isa = PBXFileReference; lastKnownFileType = sourcecode.swift; path = DataSourceFactory.swift; sourceTree = "<group>"; };
		D3908D07292D0AB0000768D7 /* Localizable.strings */ = {isa = PBXFileReference; lastKnownFileType = text.plist.strings; path = Localizable.strings; sourceTree = "<group>"; };
/* End PBXFileReference section */

/* Begin PBXFrameworksBuildPhase section */
		D3908C9C292BB2E0000768D7 /* Frameworks */ = {
			isa = PBXFrameworksBuildPhase;
			buildActionMask = 2147483647;
			files = (
			);
			runOnlyForDeploymentPostprocessing = 0;
		};
		D3908CAC292BB2E2000768D7 /* Frameworks */ = {
			isa = PBXFrameworksBuildPhase;
			buildActionMask = 2147483647;
			files = (
			);
			runOnlyForDeploymentPostprocessing = 0;
		};
		D3908CB6292BB2E2000768D7 /* Frameworks */ = {
			isa = PBXFrameworksBuildPhase;
			buildActionMask = 2147483647;
			files = (
			);
			runOnlyForDeploymentPostprocessing = 0;
		};
/* End PBXFrameworksBuildPhase section */

/* Begin PBXGroup section */
		D3908C96292BB2E0000768D7 = {
			isa = PBXGroup;
			children = (
				D3908CA1292BB2E0000768D7 /* PersonalityTest */,
				D3908CB2292BB2E2000768D7 /* PersonalityTestTests */,
				D3908CBC292BB2E2000768D7 /* PersonalityTestUITests */,
				D3908CA0292BB2E0000768D7 /* Products */,
			);
			sourceTree = "<group>";
		};
		D3908CA0292BB2E0000768D7 /* Products */ = {
			isa = PBXGroup;
			children = (
				D3908C9F292BB2E0000768D7 /* PersonalityTest.app */,
				D3908CAF292BB2E2000768D7 /* PersonalityTestTests.xctest */,
				D3908CB9292BB2E2000768D7 /* PersonalityTestUITests.xctest */,
			);
			name = Products;
			sourceTree = "<group>";
		};
		D3908CA1292BB2E0000768D7 /* PersonalityTest */ = {
			isa = PBXGroup;
			children = (
				D3908CA2292BB2E0000768D7 /* PersonalityTestApp.swift */,
				D3908CA6292BB2E2000768D7 /* Assets.xcassets */,
				D3908D07292D0AB0000768D7 /* Localizable.strings */,
				D3908CDE292BBB74000768D7 /* LaunchScreen */,
				D3908CCF292BB389000768D7 /* NewTest */,
				D3908CCE292BB32D000768D7 /* CustomViews */,
				D3908CCD292BB31A000768D7 /* Services */,
				D3908CF0292BCE51000768D7 /* UIModels */,
				D3908CCC292BB303000768D7 /* Models */,
				D3908CEB292BC1B1000768D7 /* Utils */,
				D3908CA8292BB2E2000768D7 /* Preview Content */,
			);
			path = PersonalityTest;
			sourceTree = "<group>";
		};
		D3908CA8292BB2E2000768D7 /* Preview Content */ = {
			isa = PBXGroup;
			children = (
				D3908CA9292BB2E2000768D7 /* Preview Assets.xcassets */,
			);
			path = "Preview Content";
			sourceTree = "<group>";
		};
		D3908CB2292BB2E2000768D7 /* PersonalityTestTests */ = {
			isa = PBXGroup;
			children = (
				D3908CB3292BB2E2000768D7 /* PersonalityTestTests.swift */,
				D3908CF5292BDDF0000768D7 /* LaunchViewModelTests.swift */,
				D3908CF7292BDE1C000768D7 /* NewTestViewModelTests.swift */,
				D3908CF9292BDE36000768D7 /* ScoreCalculatorTests.swift */,
				D3908CFB292BDE60000768D7 /* LocalApiServiceTests.swift */,
			);
			path = PersonalityTestTests;
			sourceTree = "<group>";
		};
		D3908CBC292BB2E2000768D7 /* PersonalityTestUITests */ = {
			isa = PBXGroup;
			children = (
				D3908CBD292BB2E2000768D7 /* PersonalityTestUITests.swift */,
				D3908CBF292BB2E2000768D7 /* PersonalityTestUITestsLaunchTests.swift */,
			);
			path = PersonalityTestUITests;
			sourceTree = "<group>";
		};
		D3908CCC292BB303000768D7 /* Models */ = {
			isa = PBXGroup;
			children = (
				D3908CD4292BB6DD000768D7 /* Question.swift */,
				D3908CD8292BB6F8000768D7 /* QuestionAnswer.swift */,
				D3908CE1292BBC01000768D7 /* PersonalityType.swift */,
				D3908CE3292BBC8E000768D7 /* User.swift */,
			);
			path = Models;
			sourceTree = "<group>";
		};
		D3908CCD292BB31A000768D7 /* Services */ = {
			isa = PBXGroup;
			children = (
				D3908CDC292BB72F000768D7 /* LocalApiService.swift */,
				D3908CE9292BC183000768D7 /* ApiService.swift */,
			);
			path = Services;
			sourceTree = "<group>";
		};
		D3908CCE292BB32D000768D7 /* CustomViews */ = {
			isa = PBXGroup;
			children = (
				D3908CDA292BB719000768D7 /* QuestionView.swift */,
				D3908CEE292BCDFD000768D7 /* AnswerView.swift */,
			);
			path = CustomViews;
			sourceTree = "<group>";
		};
		D3908CCF292BB389000768D7 /* NewTest */ = {
			isa = PBXGroup;
			children = (
				D3908CD0292BB3A6000768D7 /* NewTestView.swift */,
				D3908CD2292BB3B4000768D7 /* NewTestViewModel.swift */,
			);
			path = NewTest;
			sourceTree = "<group>";
		};
		D3908CDE292BBB74000768D7 /* LaunchScreen */ = {
			isa = PBXGroup;
			children = (
				D3908CA4292BB2E0000768D7 /* LaunchView.swift */,
				D3908CDF292BBBC7000768D7 /* LaunchViewModel.swift */,
			);
			path = LaunchScreen;
			sourceTree = "<group>";
		};
		D3908CEB292BC1B1000768D7 /* Utils */ = {
			isa = PBXGroup;
			children = (
				D3908CE5292BBE52000768D7 /* UserContext.swift */,
				D3908CEC292BC797000768D7 /* ScoreCalculator.swift */,
				D3908CFD292CD075000768D7 /* DataSourceFactory.swift */,
			);
			path = Utils;
			sourceTree = "<group>";
		};
		D3908CF0292BCE51000768D7 /* UIModels */ = {
			isa = PBXGroup;
			children = (
				D3908CF1292BCE65000768D7 /* UIQuestion.swift */,
				D3908CF3292BCE71000768D7 /* UIAnswer.swift */,
			);
			path = UIModels;
			sourceTree = "<group>";
		};
/* End PBXGroup section */

/* Begin PBXNativeTarget section */
		D3908C9E292BB2E0000768D7 /* PersonalityTest */ = {
			isa = PBXNativeTarget;
			buildConfigurationList = D3908CC3292BB2E2000768D7 /* Build configuration list for PBXNativeTarget "PersonalityTest" */;
			buildPhases = (
				D3908C9B292BB2E0000768D7 /* Sources */,
				D3908C9C292BB2E0000768D7 /* Frameworks */,
				D3908C9D292BB2E0000768D7 /* Resources */,
			);
			buildRules = (
			);
			dependencies = (
			);
			name = PersonalityTest;
			productName = PersonalityTest;
			productReference = D3908C9F292BB2E0000768D7 /* PersonalityTest.app */;
			productType = "com.apple.product-type.application";
		};
		D3908CAE292BB2E2000768D7 /* PersonalityTestTests */ = {
			isa = PBXNativeTarget;
			buildConfigurationList = D3908CC6292BB2E2000768D7 /* Build configuration list for PBXNativeTarget "PersonalityTestTests" */;
			buildPhases = (
				D3908CAB292BB2E2000768D7 /* Sources */,
				D3908CAC292BB2E2000768D7 /* Frameworks */,
				D3908CAD292BB2E2000768D7 /* Resources */,
			);
			buildRules = (
			);
			dependencies = (
				D3908CB1292BB2E2000768D7 /* PBXTargetDependency */,
			);
			name = PersonalityTestTests;
			productName = PersonalityTestTests;
			productReference = D3908CAF292BB2E2000768D7 /* PersonalityTestTests.xctest */;
			productType = "com.apple.product-type.bundle.unit-test";
		};
		D3908CB8292BB2E2000768D7 /* PersonalityTestUITests */ = {
			isa = PBXNativeTarget;
			buildConfigurationList = D3908CC9292BB2E2000768D7 /* Build configuration list for PBXNativeTarget "PersonalityTestUITests" */;
			buildPhases = (
				D3908CB5292BB2E2000768D7 /* Sources */,
				D3908CB6292BB2E2000768D7 /* Frameworks */,
				D3908CB7292BB2E2000768D7 /* Resources */,
			);
			buildRules = (
			);
			dependencies = (
				D3908CBB292BB2E2000768D7 /* PBXTargetDependency */,
			);
			name = PersonalityTestUITests;
			productName = PersonalityTestUITests;
			productReference = D3908CB9292BB2E2000768D7 /* PersonalityTestUITests.xctest */;
			productType = "com.apple.product-type.bundle.ui-testing";
		};
/* End PBXNativeTarget section */

/* Begin PBXProject section */
		D3908C97292BB2E0000768D7 /* Project object */ = {
			isa = PBXProject;
			attributes = {
				BuildIndependentTargetsInParallel = 1;
				LastSwiftUpdateCheck = 1400;
				LastUpgradeCheck = 1400;
				TargetAttributes = {
					D3908C9E292BB2E0000768D7 = {
						CreatedOnToolsVersion = 14.0.1;
					};
					D3908CAE292BB2E2000768D7 = {
						CreatedOnToolsVersion = 14.0.1;
						TestTargetID = D3908C9E292BB2E0000768D7;
					};
					D3908CB8292BB2E2000768D7 = {
						CreatedOnToolsVersion = 14.0.1;
						TestTargetID = D3908C9E292BB2E0000768D7;
					};
				};
			};
			buildConfigurationList = D3908C9A292BB2E0000768D7 /* Build configuration list for PBXProject "PersonalityTest" */;
			compatibilityVersion = "Xcode 14.0";
			developmentRegion = en;
			hasScannedForEncodings = 0;
			knownRegions = (
				en,
				Base,
			);
			mainGroup = D3908C96292BB2E0000768D7;
			productRefGroup = D3908CA0292BB2E0000768D7 /* Products */;
			projectDirPath = "";
			projectRoot = "";
			targets = (
				D3908C9E292BB2E0000768D7 /* PersonalityTest */,
				D3908CAE292BB2E2000768D7 /* PersonalityTestTests */,
				D3908CB8292BB2E2000768D7 /* PersonalityTestUITests */,
			);
		};
/* End PBXProject section */

/* Begin PBXResourcesBuildPhase section */
		D3908C9D292BB2E0000768D7 /* Resources */ = {
			isa = PBXResourcesBuildPhase;
			buildActionMask = 2147483647;
			files = (
				D3908CAA292BB2E2000768D7 /* Preview Assets.xcassets in Resources */,
				D3908D08292D0AB0000768D7 /* Localizable.strings in Resources */,
				D3908CA7292BB2E2000768D7 /* Assets.xcassets in Resources */,
			);
			runOnlyForDeploymentPostprocessing = 0;
		};
		D3908CAD292BB2E2000768D7 /* Resources */ = {
			isa = PBXResourcesBuildPhase;
			buildActionMask = 2147483647;
			files = (
			);
			runOnlyForDeploymentPostprocessing = 0;
		};
		D3908CB7292BB2E2000768D7 /* Resources */ = {
			isa = PBXResourcesBuildPhase;
			buildActionMask = 2147483647;
			files = (
			);
			runOnlyForDeploymentPostprocessing = 0;
		};
/* End PBXResourcesBuildPhase section */

/* Begin PBXSourcesBuildPhase section */
		D3908C9B292BB2E0000768D7 /* Sources */ = {
			isa = PBXSourcesBuildPhase;
			buildActionMask = 2147483647;
			files = (
				D3908CDB292BB719000768D7 /* QuestionView.swift in Sources */,
				D3908CD5292BB6DD000768D7 /* Question.swift in Sources */,
				D3908CDD292BB72F000768D7 /* LocalApiService.swift in Sources */,
				D3908CE0292BBBC7000768D7 /* LaunchViewModel.swift in Sources */,
				D3908CF4292BCE71000768D7 /* UIAnswer.swift in Sources */,
				D3908CE6292BBE52000768D7 /* UserContext.swift in Sources */,
				D3908CEF292BCDFD000768D7 /* AnswerView.swift in Sources */,
				D3908CA5292BB2E0000768D7 /* LaunchView.swift in Sources */,
				D3908CD9292BB6F8000768D7 /* QuestionAnswer.swift in Sources */,
				D3908CE2292BBC01000768D7 /* PersonalityType.swift in Sources */,
				D3908CF2292BCE65000768D7 /* UIQuestion.swift in Sources */,
				D3908CE4292BBC8E000768D7 /* User.swift in Sources */,
				D3908CED292BC797000768D7 /* ScoreCalculator.swift in Sources */,
				D3908CD1292BB3A6000768D7 /* NewTestView.swift in Sources */,
				D3908CA3292BB2E0000768D7 /* PersonalityTestApp.swift in Sources */,
				D3908CEA292BC183000768D7 /* ApiService.swift in Sources */,
				D3908CFE292CD076000768D7 /* DataSourceFactory.swift in Sources */,
				D3908CD3292BB3B4000768D7 /* NewTestViewModel.swift in Sources */,
			);
			runOnlyForDeploymentPostprocessing = 0;
		};
		D3908CAB292BB2E2000768D7 /* Sources */ = {
			isa = PBXSourcesBuildPhase;
			buildActionMask = 2147483647;
			files = (
				D3908CF8292BDE1C000768D7 /* NewTestViewModelTests.swift in Sources */,
				D3908CB4292BB2E2000768D7 /* PersonalityTestTests.swift in Sources */,
				D3908CFA292BDE36000768D7 /* ScoreCalculatorTests.swift in Sources */,
				D3908CFC292BDE60000768D7 /* LocalApiServiceTests.swift in Sources */,
				D3908CF6292BDDF0000768D7 /* LaunchViewModelTests.swift in Sources */,
			);
			runOnlyForDeploymentPostprocessing = 0;
		};
		D3908CB5292BB2E2000768D7 /* Sources */ = {
			isa = PBXSourcesBuildPhase;
			buildActionMask = 2147483647;
			files = (
				D3908CBE292BB2E2000768D7 /* PersonalityTestUITests.swift in Sources */,
				D3908CC0292BB2E2000768D7 /* PersonalityTestUITestsLaunchTests.swift in Sources */,
			);
			runOnlyForDeploymentPostprocessing = 0;
		};
/* End PBXSourcesBuildPhase section */

/* Begin PBXTargetDependency section */
		D3908CB1292BB2E2000768D7 /* PBXTargetDependency */ = {
			isa = PBXTargetDependency;
			target = D3908C9E292BB2E0000768D7 /* PersonalityTest */;
			targetProxy = D3908CB0292BB2E2000768D7 /* PBXContainerItemProxy */;
		};
		D3908CBB292BB2E2000768D7 /* PBXTargetDependency */ = {
			isa = PBXTargetDependency;
			target = D3908C9E292BB2E0000768D7 /* PersonalityTest */;
			targetProxy = D3908CBA292BB2E2000768D7 /* PBXContainerItemProxy */;
		};
/* End PBXTargetDependency section */

/* Begin XCBuildConfiguration section */
		D3908CC1292BB2E2000768D7 /* Debug */ = {
			isa = XCBuildConfiguration;
			buildSettings = {
				ALWAYS_SEARCH_USER_PATHS = NO;
				CLANG_ANALYZER_NONNULL = YES;
				CLANG_ANALYZER_NUMBER_OBJECT_CONVERSION = YES_AGGRESSIVE;
				CLANG_CXX_LANGUAGE_STANDARD = "gnu++20";
				CLANG_ENABLE_MODULES = YES;
				CLANG_ENABLE_OBJC_ARC = YES;
				CLANG_ENABLE_OBJC_WEAK = YES;
				CLANG_WARN_BLOCK_CAPTURE_AUTORELEASING = YES;
				CLANG_WARN_BOOL_CONVERSION = YES;
				CLANG_WARN_COMMA = YES;
				CLANG_WARN_CONSTANT_CONVERSION = YES;
				CLANG_WARN_DEPRECATED_OBJC_IMPLEMENTATIONS = YES;
				CLANG_WARN_DIRECT_OBJC_ISA_USAGE = YES_ERROR;
				CLANG_WARN_DOCUMENTATION_COMMENTS = YES;
				CLANG_WARN_EMPTY_BODY = YES;
				CLANG_WARN_ENUM_CONVERSION = YES;
				CLANG_WARN_INFINITE_RECURSION = YES;
				CLANG_WARN_INT_CONVERSION = YES;
				CLANG_WARN_NON_LITERAL_NULL_CONVERSION = YES;
				CLANG_WARN_OBJC_IMPLICIT_RETAIN_SELF = YES;
				CLANG_WARN_OBJC_LITERAL_CONVERSION = YES;
				CLANG_WARN_OBJC_ROOT_CLASS = YES_ERROR;
				CLANG_WARN_QUOTED_INCLUDE_IN_FRAMEWORK_HEADER = YES;
				CLANG_WARN_RANGE_LOOP_ANALYSIS = YES;
				CLANG_WARN_STRICT_PROTOTYPES = YES;
				CLANG_WARN_SUSPICIOUS_MOVE = YES;
				CLANG_WARN_UNGUARDED_AVAILABILITY = YES_AGGRESSIVE;
				CLANG_WARN_UNREACHABLE_CODE = YES;
				CLANG_WARN__DUPLICATE_METHOD_MATCH = YES;
				COPY_PHASE_STRIP = NO;
				DEBUG_INFORMATION_FORMAT = dwarf;
				ENABLE_STRICT_OBJC_MSGSEND = YES;
				ENABLE_TESTABILITY = YES;
				GCC_C_LANGUAGE_STANDARD = gnu11;
				GCC_DYNAMIC_NO_PIC = NO;
				GCC_NO_COMMON_BLOCKS = YES;
				GCC_OPTIMIZATION_LEVEL = 0;
				GCC_PREPROCESSOR_DEFINITIONS = (
					"DEBUG=1",
					"$(inherited)",
				);
				GCC_WARN_64_TO_32_BIT_CONVERSION = YES;
				GCC_WARN_ABOUT_RETURN_TYPE = YES_ERROR;
				GCC_WARN_UNDECLARED_SELECTOR = YES;
				GCC_WARN_UNINITIALIZED_AUTOS = YES_AGGRESSIVE;
				GCC_WARN_UNUSED_FUNCTION = YES;
				GCC_WARN_UNUSED_VARIABLE = YES;
				IPHONEOS_DEPLOYMENT_TARGET = 16.0;
				MTL_ENABLE_DEBUG_INFO = INCLUDE_SOURCE;
				MTL_FAST_MATH = YES;
				ONLY_ACTIVE_ARCH = YES;
				SDKROOT = iphoneos;
				SWIFT_ACTIVE_COMPILATION_CONDITIONS = DEBUG;
				SWIFT_EMIT_LOC_STRINGS = YES;
				SWIFT_OPTIMIZATION_LEVEL = "-Onone";
			};
			name = Debug;
		};
		D3908CC2292BB2E2000768D7 /* Release */ = {
			isa = XCBuildConfiguration;
			buildSettings = {
				ALWAYS_SEARCH_USER_PATHS = NO;
				CLANG_ANALYZER_NONNULL = YES;
				CLANG_ANALYZER_NUMBER_OBJECT_CONVERSION = YES_AGGRESSIVE;
				CLANG_CXX_LANGUAGE_STANDARD = "gnu++20";
				CLANG_ENABLE_MODULES = YES;
				CLANG_ENABLE_OBJC_ARC = YES;
				CLANG_ENABLE_OBJC_WEAK = YES;
				CLANG_WARN_BLOCK_CAPTURE_AUTORELEASING = YES;
				CLANG_WARN_BOOL_CONVERSION = YES;
				CLANG_WARN_COMMA = YES;
				CLANG_WARN_CONSTANT_CONVERSION = YES;
				CLANG_WARN_DEPRECATED_OBJC_IMPLEMENTATIONS = YES;
				CLANG_WARN_DIRECT_OBJC_ISA_USAGE = YES_ERROR;
				CLANG_WARN_DOCUMENTATION_COMMENTS = YES;
				CLANG_WARN_EMPTY_BODY = YES;
				CLANG_WARN_ENUM_CONVERSION = YES;
				CLANG_WARN_INFINITE_RECURSION = YES;
				CLANG_WARN_INT_CONVERSION = YES;
				CLANG_WARN_NON_LITERAL_NULL_CONVERSION = YES;
				CLANG_WARN_OBJC_IMPLICIT_RETAIN_SELF = YES;
				CLANG_WARN_OBJC_LITERAL_CONVERSION = YES;
				CLANG_WARN_OBJC_ROOT_CLASS = YES_ERROR;
				CLANG_WARN_QUOTED_INCLUDE_IN_FRAMEWORK_HEADER = YES;
				CLANG_WARN_RANGE_LOOP_ANALYSIS = YES;
				CLANG_WARN_STRICT_PROTOTYPES = YES;
				CLANG_WARN_SUSPICIOUS_MOVE = YES;
				CLANG_WARN_UNGUARDED_AVAILABILITY = YES_AGGRESSIVE;
				CLANG_WARN_UNREACHABLE_CODE = YES;
				CLANG_WARN__DUPLICATE_METHOD_MATCH = YES;
				COPY_PHASE_STRIP = NO;
				DEBUG_INFORMATION_FORMAT = "dwarf-with-dsym";
				ENABLE_NS_ASSERTIONS = NO;
				ENABLE_STRICT_OBJC_MSGSEND = YES;
				GCC_C_LANGUAGE_STANDARD = gnu11;
				GCC_NO_COMMON_BLOCKS = YES;
				GCC_WARN_64_TO_32_BIT_CONVERSION = YES;
				GCC_WARN_ABOUT_RETURN_TYPE = YES_ERROR;
				GCC_WARN_UNDECLARED_SELECTOR = YES;
				GCC_WARN_UNINITIALIZED_AUTOS = YES_AGGRESSIVE;
				GCC_WARN_UNUSED_FUNCTION = YES;
				GCC_WARN_UNUSED_VARIABLE = YES;
				IPHONEOS_DEPLOYMENT_TARGET = 16.0;
				MTL_ENABLE_DEBUG_INFO = NO;
				MTL_FAST_MATH = YES;
				SDKROOT = iphoneos;
				SWIFT_COMPILATION_MODE = wholemodule;
				SWIFT_EMIT_LOC_STRINGS = YES;
				SWIFT_OPTIMIZATION_LEVEL = "-O";
				VALIDATE_PRODUCT = YES;
			};
			name = Release;
		};
		D3908CC4292BB2E2000768D7 /* Debug */ = {
			isa = XCBuildConfiguration;
			buildSettings = {
				ASSETCATALOG_COMPILER_APPICON_NAME = AppIcon;
				ASSETCATALOG_COMPILER_GLOBAL_ACCENT_COLOR_NAME = AccentColor;
				CODE_SIGN_STYLE = Automatic;
				CURRENT_PROJECT_VERSION = 1;
				DEVELOPMENT_ASSET_PATHS = "\"PersonalityTest/Preview Content\"";
				DEVELOPMENT_TEAM = W5M4BXM9QD;
				ENABLE_PREVIEWS = YES;
				GENERATE_INFOPLIST_FILE = YES;
				INFOPLIST_KEY_UIApplicationSceneManifest_Generation = YES;
				INFOPLIST_KEY_UIApplicationSupportsIndirectInputEvents = YES;
				INFOPLIST_KEY_UILaunchScreen_Generation = YES;
				INFOPLIST_KEY_UISupportedInterfaceOrientations_iPad = "UIInterfaceOrientationPortrait UIInterfaceOrientationPortraitUpsideDown UIInterfaceOrientationLandscapeLeft UIInterfaceOrientationLandscapeRight";
				INFOPLIST_KEY_UISupportedInterfaceOrientations_iPhone = "UIInterfaceOrientationPortrait UIInterfaceOrientationLandscapeLeft UIInterfaceOrientationLandscapeRight";
				IPHONEOS_DEPLOYMENT_TARGET = 15.0;
				LD_RUNPATH_SEARCH_PATHS = (
					"$(inherited)",
					"@executable_path/Frameworks",
				);
				MARKETING_VERSION = 1.0;
				PRODUCT_BUNDLE_IDENTIFIER = com.victorgrigoroiu.PersonalityTest;
				PRODUCT_NAME = "$(TARGET_NAME)";
				SWIFT_EMIT_LOC_STRINGS = YES;
				SWIFT_VERSION = 5.0;
				TARGETED_DEVICE_FAMILY = "1,2";
			};
			name = Debug;
		};
		D3908CC5292BB2E2000768D7 /* Release */ = {
			isa = XCBuildConfiguration;
			buildSettings = {
				ASSETCATALOG_COMPILER_APPICON_NAME = AppIcon;
				ASSETCATALOG_COMPILER_GLOBAL_ACCENT_COLOR_NAME = AccentColor;
				CODE_SIGN_STYLE = Automatic;
				CURRENT_PROJECT_VERSION = 1;
				DEVELOPMENT_ASSET_PATHS = "\"PersonalityTest/Preview Content\"";
				DEVELOPMENT_TEAM = W5M4BXM9QD;
				ENABLE_PREVIEWS = YES;
				GENERATE_INFOPLIST_FILE = YES;
				INFOPLIST_KEY_UIApplicationSceneManifest_Generation = YES;
				INFOPLIST_KEY_UIApplicationSupportsIndirectInputEvents = YES;
				INFOPLIST_KEY_UILaunchScreen_Generation = YES;
				INFOPLIST_KEY_UISupportedInterfaceOrientations_iPad = "UIInterfaceOrientationPortrait UIInterfaceOrientationPortraitUpsideDown UIInterfaceOrientationLandscapeLeft UIInterfaceOrientationLandscapeRight";
				INFOPLIST_KEY_UISupportedInterfaceOrientations_iPhone = "UIInterfaceOrientationPortrait UIInterfaceOrientationLandscapeLeft UIInterfaceOrientationLandscapeRight";
				IPHONEOS_DEPLOYMENT_TARGET = 15.0;
				LD_RUNPATH_SEARCH_PATHS = (
					"$(inherited)",
					"@executable_path/Frameworks",
				);
				MARKETING_VERSION = 1.0;
				PRODUCT_BUNDLE_IDENTIFIER = com.victorgrigoroiu.PersonalityTest;
				PRODUCT_NAME = "$(TARGET_NAME)";
				SWIFT_EMIT_LOC_STRINGS = YES;
				SWIFT_VERSION = 5.0;
				TARGETED_DEVICE_FAMILY = "1,2";
			};
			name = Release;
		};
		D3908CC7292BB2E2000768D7 /* Debug */ = {
			isa = XCBuildConfiguration;
			buildSettings = {
				ALWAYS_EMBED_SWIFT_STANDARD_LIBRARIES = YES;
				BUNDLE_LOADER = "$(TEST_HOST)";
				CODE_SIGN_STYLE = Automatic;
				CURRENT_PROJECT_VERSION = 1;
				DEVELOPMENT_TEAM = W5M4BXM9QD;
				GENERATE_INFOPLIST_FILE = YES;
				IPHONEOS_DEPLOYMENT_TARGET = 16.0;
				MARKETING_VERSION = 1.0;
				PRODUCT_BUNDLE_IDENTIFIER = com.victorgrigoroiu.PersonalityTestTests;
				PRODUCT_NAME = "$(TARGET_NAME)";
				SWIFT_EMIT_LOC_STRINGS = NO;
				SWIFT_VERSION = 5.0;
				TARGETED_DEVICE_FAMILY = "1,2";
				TEST_HOST = "$(BUILT_PRODUCTS_DIR)/PersonalityTest.app/$(BUNDLE_EXECUTABLE_FOLDER_PATH)/PersonalityTest";
			};
			name = Debug;
		};
		D3908CC8292BB2E2000768D7 /* Release */ = {
			isa = XCBuildConfiguration;
			buildSettings = {
				ALWAYS_EMBED_SWIFT_STANDARD_LIBRARIES = YES;
				BUNDLE_LOADER = "$(TEST_HOST)";
				CODE_SIGN_STYLE = Automatic;
				CURRENT_PROJECT_VERSION = 1;
				DEVELOPMENT_TEAM = W5M4BXM9QD;
				GENERATE_INFOPLIST_FILE = YES;
				IPHONEOS_DEPLOYMENT_TARGET = 16.0;
				MARKETING_VERSION = 1.0;
				PRODUCT_BUNDLE_IDENTIFIER = com.victorgrigoroiu.PersonalityTestTests;
				PRODUCT_NAME = "$(TARGET_NAME)";
				SWIFT_EMIT_LOC_STRINGS = NO;
				SWIFT_VERSION = 5.0;
				TARGETED_DEVICE_FAMILY = "1,2";
				TEST_HOST = "$(BUILT_PRODUCTS_DIR)/PersonalityTest.app/$(BUNDLE_EXECUTABLE_FOLDER_PATH)/PersonalityTest";
			};
			name = Release;
		};
		D3908CCA292BB2E2000768D7 /* Debug */ = {
			isa = XCBuildConfiguration;
			buildSettings = {
				ALWAYS_EMBED_SWIFT_STANDARD_LIBRARIES = YES;
				CODE_SIGN_STYLE = Automatic;
				CURRENT_PROJECT_VERSION = 1;
				DEVELOPMENT_TEAM = W5M4BXM9QD;
				GENERATE_INFOPLIST_FILE = YES;
				MARKETING_VERSION = 1.0;
				PRODUCT_BUNDLE_IDENTIFIER = com.victorgrigoroiu.PersonalityTestUITests;
				PRODUCT_NAME = "$(TARGET_NAME)";
				SWIFT_EMIT_LOC_STRINGS = NO;
				SWIFT_VERSION = 5.0;
				TARGETED_DEVICE_FAMILY = "1,2";
				TEST_TARGET_NAME = PersonalityTest;
			};
			name = Debug;
		};
		D3908CCB292BB2E2000768D7 /* Release */ = {
			isa = XCBuildConfiguration;
			buildSettings = {
				ALWAYS_EMBED_SWIFT_STANDARD_LIBRARIES = YES;
				CODE_SIGN_STYLE = Automatic;
				CURRENT_PROJECT_VERSION = 1;
				DEVELOPMENT_TEAM = W5M4BXM9QD;
				GENERATE_INFOPLIST_FILE = YES;
				MARKETING_VERSION = 1.0;
				PRODUCT_BUNDLE_IDENTIFIER = com.victorgrigoroiu.PersonalityTestUITests;
				PRODUCT_NAME = "$(TARGET_NAME)";
				SWIFT_EMIT_LOC_STRINGS = NO;
				SWIFT_VERSION = 5.0;
				TARGETED_DEVICE_FAMILY = "1,2";
				TEST_TARGET_NAME = PersonalityTest;
			};
			name = Release;
		};
/* End XCBuildConfiguration section */

/* Begin XCConfigurationList section */
		D3908C9A292BB2E0000768D7 /* Build configuration list for PBXProject "PersonalityTest" */ = {
			isa = XCConfigurationList;
			buildConfigurations = (
				D3908CC1292BB2E2000768D7 /* Debug */,
				D3908CC2292BB2E2000768D7 /* Release */,
			);
			defaultConfigurationIsVisible = 0;
			defaultConfigurationName = Release;
		};
		D3908CC3292BB2E2000768D7 /* Build configuration list for PBXNativeTarget "PersonalityTest" */ = {
			isa = XCConfigurationList;
			buildConfigurations = (
				D3908CC4292BB2E2000768D7 /* Debug */,
				D3908CC5292BB2E2000768D7 /* Release */,
			);
			defaultConfigurationIsVisible = 0;
			defaultConfigurationName = Release;
		};
		D3908CC6292BB2E2000768D7 /* Build configuration list for PBXNativeTarget "PersonalityTestTests" */ = {
			isa = XCConfigurationList;
			buildConfigurations = (
				D3908CC7292BB2E2000768D7 /* Debug */,
				D3908CC8292BB2E2000768D7 /* Release */,
			);
			defaultConfigurationIsVisible = 0;
			defaultConfigurationName = Release;
		};
		D3908CC9292BB2E2000768D7 /* Build configuration list for PBXNativeTarget "PersonalityTestUITests" */ = {
			isa = XCConfigurationList;
			buildConfigurations = (
				D3908CCA292BB2E2000768D7 /* Debug */,
				D3908CCB292BB2E2000768D7 /* Release */,
			);
			defaultConfigurationIsVisible = 0;
			defaultConfigurationName = Release;
		};
/* End XCConfigurationList section */
	};
	rootObject = D3908C97292BB2E0000768D7 /* Project object */;
}
